// !$*UTF8*$!
{
	archiveVersion = 1;
	classes = {
	};
	objectVersion = 50;
	objects = {

/* Begin PBXBuildFile section */
		404A9DBD235E700C00A68BDD /* AppDelegate.swift in Sources */ = {isa = PBXBuildFile; fileRef = 404A9DBC235E700C00A68BDD /* AppDelegate.swift */; };
		404A9DBF235E700C00A68BDD /* SceneDelegate.swift in Sources */ = {isa = PBXBuildFile; fileRef = 404A9DBE235E700C00A68BDD /* SceneDelegate.swift */; };
		404A9DC1235E700C00A68BDD /* ViewController.swift in Sources */ = {isa = PBXBuildFile; fileRef = 404A9DC0235E700C00A68BDD /* ViewController.swift */; };
		404A9DC4235E700C00A68BDD /* Main.storyboard in Resources */ = {isa = PBXBuildFile; fileRef = 404A9DC2235E700C00A68BDD /* Main.storyboard */; };
		404A9DC6235E700D00A68BDD /* Assets.xcassets in Resources */ = {isa = PBXBuildFile; fileRef = 404A9DC5235E700D00A68BDD /* Assets.xcassets */; };
		404A9DC9235E700D00A68BDD /* LaunchScreen.storyboard in Resources */ = {isa = PBXBuildFile; fileRef = 404A9DC7235E700D00A68BDD /* LaunchScreen.storyboard */; };
		727F385202C96EAB688DE12E /* Pods_CoreGraphicsPractice.framework in Frameworks */ = {isa = PBXBuildFile; fileRef = 6671219A3C7F7BCB1229DB04 /* Pods_CoreGraphicsPractice.framework */; };
/* End PBXBuildFile section */

/* Begin PBXFileReference section */
		08D00AD318D9F13A6E678E01 /* Pods-CoreGraphicsPractice.release.xcconfig */ = {isa = PBXFileReference; includeInIndex = 1; lastKnownFileType = text.xcconfig; name = "Pods-CoreGraphicsPractice.release.xcconfig"; path = "Target Support Files/Pods-CoreGraphicsPractice/Pods-CoreGraphicsPractice.release.xcconfig"; sourceTree = "<group>"; };
		404A9DB9235E700C00A68BDD /* CoreGraphicsPractice.app */ = {isa = PBXFileReference; explicitFileType = wrapper.application; includeInIndex = 0; path = CoreGraphicsPractice.app; sourceTree = BUILT_PRODUCTS_DIR; };
		404A9DBC235E700C00A68BDD /* AppDelegate.swift */ = {isa = PBXFileReference; lastKnownFileType = sourcecode.swift; path = AppDelegate.swift; sourceTree = "<group>"; };
		404A9DBE235E700C00A68BDD /* SceneDelegate.swift */ = {isa = PBXFileReference; lastKnownFileType = sourcecode.swift; path = SceneDelegate.swift; sourceTree = "<group>"; };
		404A9DC0235E700C00A68BDD /* ViewController.swift */ = {isa = PBXFileReference; lastKnownFileType = sourcecode.swift; path = ViewController.swift; sourceTree = "<group>"; };
		404A9DC3235E700C00A68BDD /* Base */ = {isa = PBXFileReference; lastKnownFileType = file.storyboard; name = Base; path = Base.lproj/Main.storyboard; sourceTree = "<group>"; };
		404A9DC5235E700D00A68BDD /* Assets.xcassets */ = {isa = PBXFileReference; lastKnownFileType = folder.assetcatalog; path = Assets.xcassets; sourceTree = "<group>"; };
		404A9DC8235E700D00A68BDD /* Base */ = {isa = PBXFileReference; lastKnownFileType = file.storyboard; name = Base; path = Base.lproj/LaunchScreen.storyboard; sourceTree = "<group>"; };
		404A9DCA235E700D00A68BDD /* Info.plist */ = {isa = PBXFileReference; lastKnownFileType = text.plist.xml; path = Info.plist; sourceTree = "<group>"; };
		64D575341B5C2D305C871DE8 /* Pods-CoreGraphicsPractice.debug.xcconfig */ = {isa = PBXFileReference; includeInIndex = 1; lastKnownFileType = text.xcconfig; name = "Pods-CoreGraphicsPractice.debug.xcconfig"; path = "Target Support Files/Pods-CoreGraphicsPractice/Pods-CoreGraphicsPractice.debug.xcconfig"; sourceTree = "<group>"; };
		6671219A3C7F7BCB1229DB04 /* Pods_CoreGraphicsPractice.framework */ = {isa = PBXFileReference; explicitFileType = wrapper.framework; includeInIndex = 0; path = Pods_CoreGraphicsPractice.framework; sourceTree = BUILT_PRODUCTS_DIR; };
/* End PBXFileReference section */

/* Begin PBXFrameworksBuildPhase section */
		404A9DB6235E700C00A68BDD /* Frameworks */ = {
			isa = PBXFrameworksBuildPhase;
			buildActionMask = 2147483647;
			files = (
				727F385202C96EAB688DE12E /* Pods_CoreGraphicsPractice.framework in Frameworks */,
			);
			runOnlyForDeploymentPostprocessing = 0;
		};
/* End PBXFrameworksBuildPhase section */

/* Begin PBXGroup section */
		404A9DB0235E700C00A68BDD = {
			isa = PBXGroup;
			children = (
				404A9DBB235E700C00A68BDD /* CoreGraphicsPractice */,
				404A9DBA235E700C00A68BDD /* Products */,
				CD459973C4E1A31D07C53322 /* Pods */,
				8C8DC6C822C9A3DCF3AA43B7 /* Frameworks */,
			);
			sourceTree = "<group>";
		};
		404A9DBA235E700C00A68BDD /* Products */ = {
			isa = PBXGroup;
			children = (
				404A9DB9235E700C00A68BDD /* CoreGraphicsPractice.app */,
			);
			name = Products;
			sourceTree = "<group>";
		};
		404A9DBB235E700C00A68BDD /* CoreGraphicsPractice */ = {
			isa = PBXGroup;
			children = (
				404A9DBC235E700C00A68BDD /* AppDelegate.swift */,
				404A9DBE235E700C00A68BDD /* SceneDelegate.swift */,
				404A9DC0235E700C00A68BDD /* ViewController.swift */,
				404A9DC2235E700C00A68BDD /* Main.storyboard */,
				404A9DC5235E700D00A68BDD /* Assets.xcassets */,
				404A9DC7235E700D00A68BDD /* LaunchScreen.storyboard */,
				404A9DCA235E700D00A68BDD /* Info.plist */,
			);
			path = CoreGraphicsPractice;
			sourceTree = "<group>";
		};
		8C8DC6C822C9A3DCF3AA43B7 /* Frameworks */ = {
			isa = PBXGroup;
			children = (
				6671219A3C7F7BCB1229DB04 /* Pods_CoreGraphicsPractice.framework */,
			);
			name = Frameworks;
			sourceTree = "<group>";
		};
		CD459973C4E1A31D07C53322 /* Pods */ = {
			isa = PBXGroup;
			children = (
				64D575341B5C2D305C871DE8 /* Pods-CoreGraphicsPractice.debug.xcconfig */,
				08D00AD318D9F13A6E678E01 /* Pods-CoreGraphicsPractice.release.xcconfig */,
			);
			path = Pods;
			sourceTree = "<group>";
		};
/* End PBXGroup section */

/* Begin PBXNativeTarget section */
		404A9DB8235E700C00A68BDD /* CoreGraphicsPractice */ = {
			isa = PBXNativeTarget;
			buildConfigurationList = 404A9DCD235E700D00A68BDD /* Build configuration list for PBXNativeTarget "CoreGraphicsPractice" */;
			buildPhases = (
				AF58959B9B3D05088D1A8150 /* [CP] Check Pods Manifest.lock */,
				404A9DB5235E700C00A68BDD /* Sources */,
				404A9DB6235E700C00A68BDD /* Frameworks */,
				404A9DB7235E700C00A68BDD /* Resources */,
			);
			buildRules = (
			);
			dependencies = (
			);
			name = CoreGraphicsPractice;
			productName = CoreGraphicsPractice;
			productReference = 404A9DB9235E700C00A68BDD /* CoreGraphicsPractice.app */;
			productType = "com.apple.product-type.application";
		};
/* End PBXNativeTarget section */

/* Begin PBXProject section */
		404A9DB1235E700C00A68BDD /* Project object */ = {
			isa = PBXProject;
			attributes = {
				LastSwiftUpdateCheck = 1100;
				LastUpgradeCheck = 1100;
				ORGANIZATIONNAME = DevelopmentHouse;
				TargetAttributes = {
					404A9DB8235E700C00A68BDD = {
						CreatedOnToolsVersion = 11.0;
					};
				};
			};
			buildConfigurationList = 404A9DB4235E700C00A68BDD /* Build configuration list for PBXProject "CoreGraphicsPractice" */;
			compatibilityVersion = "Xcode 9.3";
			developmentRegion = en;
			hasScannedForEncodings = 0;
			knownRegions = (
				en,
				Base,
			);
			mainGroup = 404A9DB0235E700C00A68BDD;
			productRefGroup = 404A9DBA235E700C00A68BDD /* Products */;
			projectDirPath = "";
			projectRoot = "";
			targets = (
				404A9DB8235E700C00A68BDD /* CoreGraphicsPractice */,
			);
		};
/* End PBXProject section */

/* Begin PBXResourcesBuildPhase section */
		404A9DB7235E700C00A68BDD /* Resources */ = {
			isa = PBXResourcesBuildPhase;
			buildActionMask = 2147483647;
			files = (
				404A9DC9235E700D00A68BDD /* LaunchScreen.storyboard in Resources */,
				404A9DC6235E700D00A68BDD /* Assets.xcassets in Resources */,
				404A9DC4235E700C00A68BDD /* Main.storyboard in Resources */,
			);
			runOnlyForDeploymentPostprocessing = 0;
		};
/* End PBXResourcesBuildPhase section */

/* Begin PBXShellScriptBuildPhase section */
		AF58959B9B3D05088D1A8150 /* [CP] Check Pods Manifest.lock */ = {
			isa = PBXShellScriptBuildPhase;
			buildActionMask = 2147483647;
			files = (
			);
			inputFileListPaths = (
			);
			inputPaths = (
				"${PODS_PODFILE_DIR_PATH}/Podfile.lock",
				"${PODS_ROOT}/Manifest.lock",
			);
			name = "[CP] Check Pods Manifest.lock";
			outputFileListPaths = (
			);
			outputPaths = (
				"$(DERIVED_FILE_DIR)/Pods-CoreGraphicsPractice-checkManifestLockResult.txt",
			);
			runOnlyForDeploymentPostprocessing = 0;
			shellPath = /bin/sh;
			shellScript = "diff \"${PODS_PODFILE_DIR_PATH}/Podfile.lock\" \"${PODS_ROOT}/Manifest.lock\" > /dev/null\nif [ $? != 0 ] ; then\n    # print error to STDERR\n    echo \"error: The sandbox is not in sync with the Podfile.lock. Run 'pod install' or update your CocoaPods installation.\" >&2\n    exit 1\nfi\n# This output is used by Xcode 'outputs' to avoid re-running this script phase.\necho \"SUCCESS\" > \"${SCRIPT_OUTPUT_FILE_0}\"\n";
			showEnvVarsInLog = 0;
		};
/* End PBXShellScriptBuildPhase section */

/* Begin PBXSourcesBuildPhase section */
		404A9DB5235E700C00A68BDD /* Sources */ = {
			isa = PBXSourcesBuildPhase;
			buildActionMask = 2147483647;
			files = (
				404A9DC1235E700C00A68BDD /* ViewController.swift in Sources */,
				404A9DBD235E700C00A68BDD /* AppDelegate.swift in Sources */,
				404A9DBF235E700C00A68BDD /* SceneDelegate.swift in Sources */,
			);
			runOnlyForDeploymentPostprocessing = 0;
		};
/* End PBXSourcesBuildPhase section */

/* Begin PBXVariantGroup section */
		404A9DC2235E700C00A68BDD /* Main.storyboard */ = {
			isa = PBXVariantGroup;
			children = (
				404A9DC3235E700C00A68BDD /* Base */,
			);
			name = Main.storyboard;
			sourceTree = "<group>";
		};
		404A9DC7235E700D00A68BDD /* LaunchScreen.storyboard */ = {
			isa = PBXVariantGroup;
			children = (
				404A9DC8235E700D00A68BDD /* Base */,
			);
			name = LaunchScreen.storyboard;
			sourceTree = "<group>";
		};
/* End PBXVariantGroup section */

/* Begin XCBuildConfiguration section */
		404A9DCB235E700D00A68BDD /* Debug */ = {
			isa = XCBuildConfiguration;
			buildSettings = {
				ALWAYS_SEARCH_USER_PATHS = NO;
				CLANG_ANALYZER_NONNULL = YES;
				CLANG_ANALYZER_NUMBER_OBJECT_CONVERSION = YES_AGGRESSIVE;
				CLANG_CXX_LANGUAGE_STANDARD = "gnu++14";
				CLANG_CXX_LIBRARY = "libc++";
				CLANG_ENABLE_MODULES = YES;
				CLANG_ENABLE_OBJC_ARC = YES;
				CLANG_ENABLE_OBJC_WEAK = YES;
				CLANG_WARN_BLOCK_CAPTURE_AUTORELEASING = YES;
				CLANG_WARN_BOOL_CONVERSION = YES;
				CLANG_WARN_COMMA = YES;
				CLANG_WARN_CONSTANT_CONVERSION = YES;
				CLANG_WARN_DEPRECATED_OBJC_IMPLEMENTATIONS = YES;
				CLANG_WARN_DIRECT_OBJC_ISA_USAGE = YES_ERROR;
				CLANG_WARN_DOCUMENTATION_COMMENTS = YES;
				CLANG_WARN_EMPTY_BODY = YES;
				CLANG_WARN_ENUM_CONVERSION = YES;
				CLANG_WARN_INFINITE_RECURSION = YES;
				CLANG_WARN_INT_CONVERSION = YES;
				CLANG_WARN_NON_LITERAL_NULL_CONVERSION = YES;
				CLANG_WARN_OBJC_IMPLICIT_RETAIN_SELF = YES;
				CLANG_WARN_OBJC_LITERAL_CONVERSION = YES;
				CLANG_WARN_OBJC_ROOT_CLASS = YES_ERROR;
				CLANG_WARN_RANGE_LOOP_ANALYSIS = YES;
				CLANG_WARN_STRICT_PROTOTYPES = YES;
				CLANG_WARN_SUSPICIOUS_MOVE = YES;
				CLANG_WARN_UNGUARDED_AVAILABILITY = YES_AGGRESSIVE;
				CLANG_WARN_UNREACHABLE_CODE = YES;
				CLANG_WARN__DUPLICATE_METHOD_MATCH = YES;
				COPY_PHASE_STRIP = NO;
				DEBUG_INFORMATION_FORMAT = dwarf;
				ENABLE_STRICT_OBJC_MSGSEND = YES;
				ENABLE_TESTABILITY = YES;
				GCC_C_LANGUAGE_STANDARD = gnu11;
				GCC_DYNAMIC_NO_PIC = NO;
				GCC_NO_COMMON_BLOCKS = YES;
				GCC_OPTIMIZATION_LEVEL = 0;
				GCC_PREPROCESSOR_DEFINITIONS = (
					"DEBUG=1",
					"$(inherited)",
				);
				GCC_WARN_64_TO_32_BIT_CONVERSION = YES;
				GCC_WARN_ABOUT_RETURN_TYPE = YES_ERROR;
				GCC_WARN_UNDECLARED_SELECTOR = YES;
				GCC_WARN_UNINITIALIZED_AUTOS = YES_AGGRESSIVE;
				GCC_WARN_UNUSED_FUNCTION = YES;
				GCC_WARN_UNUSED_VARIABLE = YES;
				IPHONEOS_DEPLOYMENT_TARGET = 13.0;
				MTL_ENABLE_DEBUG_INFO = INCLUDE_SOURCE;
				MTL_FAST_MATH = YES;
				ONLY_ACTIVE_ARCH = YES;
				SDKROOT = iphoneos;
				SWIFT_ACTIVE_COMPILATION_CONDITIONS = DEBUG;
				SWIFT_OPTIMIZATION_LEVEL = "-Onone";
			};
			name = Debug;
		};
		404A9DCC235E700D00A68BDD /* Release */ = {
			isa = XCBuildConfiguration;
			buildSettings = {
				ALWAYS_SEARCH_USER_PATHS = NO;
				CLANG_ANALYZER_NONNULL = YES;
				CLANG_ANALYZER_NUMBER_OBJECT_CONVERSION = YES_AGGRESSIVE;
				CLANG_CXX_LANGUAGE_STANDARD = "gnu++14";
				CLANG_CXX_LIBRARY = "libc++";
				CLANG_ENABLE_MODULES = YES;
				CLANG_ENABLE_OBJC_ARC = YES;
				CLANG_ENABLE_OBJC_WEAK = YES;
				CLANG_WARN_BLOCK_CAPTURE_AUTORELEASING = YES;
				CLANG_WARN_BOOL_CONVERSION = YES;
				CLANG_WARN_COMMA = YES;
				CLANG_WARN_CONSTANT_CONVERSION = YES;
				CLANG_WARN_DEPRECATED_OBJC_IMPLEMENTATIONS = YES;
				CLANG_WARN_DIRECT_OBJC_ISA_USAGE = YES_ERROR;
				CLANG_WARN_DOCUMENTATION_COMMENTS = YES;
				CLANG_WARN_EMPTY_BODY = YES;
				CLANG_WARN_ENUM_CONVERSION = YES;
				CLANG_WARN_INFINITE_RECURSION = YES;
				CLANG_WARN_INT_CONVERSION = YES;
				CLANG_WARN_NON_LITERAL_NULL_CONVERSION = YES;
				CLANG_WARN_OBJC_IMPLICIT_RETAIN_SELF = YES;
				CLANG_WARN_OBJC_LITERAL_CONVERSION = YES;
				CLANG_WARN_OBJC_ROOT_CLASS = YES_ERROR;
				CLANG_WARN_RANGE_LOOP_ANALYSIS = YES;
				CLANG_WARN_STRICT_PROTOTYPES = YES;
				CLANG_WARN_SUSPICIOUS_MOVE = YES;
				CLANG_WARN_UNGUARDED_AVAILABILITY = YES_AGGRESSIVE;
				CLANG_WARN_UNREACHABLE_CODE = YES;
				CLANG_WARN__DUPLICATE_METHOD_MATCH = YES;
				COPY_PHASE_STRIP = NO;
				DEBUG_INFORMATION_FORMAT = "dwarf-with-dsym";
				ENABLE_NS_ASSERTIONS = NO;
				ENABLE_STRICT_OBJC_MSGSEND = YES;
				GCC_C_LANGUAGE_STANDARD = gnu11;
				GCC_NO_COMMON_BLOCKS = YES;
				GCC_WARN_64_TO_32_BIT_CONVERSION = YES;
				GCC_WARN_ABOUT_RETURN_TYPE = YES_ERROR;
				GCC_WARN_UNDECLARED_SELECTOR = YES;
				GCC_WARN_UNINITIALIZED_AUTOS = YES_AGGRESSIVE;
				GCC_WARN_UNUSED_FUNCTION = YES;
				GCC_WARN_UNUSED_VARIABLE = YES;
				IPHONEOS_DEPLOYMENT_TARGET = 13.0;
				MTL_ENABLE_DEBUG_INFO = NO;
				MTL_FAST_MATH = YES;
				SDKROOT = iphoneos;
				SWIFT_COMPILATION_MODE = wholemodule;
				SWIFT_OPTIMIZATION_LEVEL = "-O";
				VALIDATE_PRODUCT = YES;
			};
			name = Release;
		};
		404A9DCE235E700D00A68BDD /* Debug */ = {
			isa = XCBuildConfiguration;
			baseConfigurationReference = 64D575341B5C2D305C871DE8 /* Pods-CoreGraphicsPractice.debug.xcconfig */;
			buildSettings = {
				ASSETCATALOG_COMPILER_APPICON_NAME = AppIcon;
				CODE_SIGN_STYLE = Automatic;
				DEVELOPMENT_TEAM = S4X4KH6498;
				INFOPLIST_FILE = CoreGraphicsPractice/Info.plist;
				LD_RUNPATH_SEARCH_PATHS = (
					"$(inherited)",
					"@executable_path/Frameworks",
				);
				PRODUCT_BUNDLE_IDENTIFIER = com.DevelopmentHouse.CoreGraphicsPractice;
				PRODUCT_NAME = "$(TARGET_NAME)";
				SWIFT_VERSION = 5.0;
				TARGETED_DEVICE_FAMILY = "1,2";
			};
			name = Debug;
		};
		404A9DCF235E700D00A68BDD /* Release */ = {
			isa = XCBuildConfiguration;
			baseConfigurationReference = 08D00AD318D9F13A6E678E01 /* Pods-CoreGraphicsPractice.release.xcconfig */;
			buildSettings = {
				ASSETCATALOG_COMPILER_APPICON_NAME = AppIcon;
				CODE_SIGN_STYLE = Automatic;
				DEVELOPMENT_TEAM = S4X4KH6498;
				INFOPLIST_FILE = CoreGraphicsPractice/Info.plist;
				LD_RUNPATH_SEARCH_PATHS = (
					"$(inherited)",
					"@executable_path/Frameworks",
				);
				PRODUCT_BUNDLE_IDENTIFIER = com.DevelopmentHouse.CoreGraphicsPractice;
				PRODUCT_NAME = "$(TARGET_NAME)";
				SWIFT_VERSION = 5.0;
				TARGETED_DEVICE_FAMILY = "1,2";
			};
			name = Release;
		};
/* End XCBuildConfiguration section */

/* Begin XCConfigurationList section */
		404A9DB4235E700C00A68BDD /* Build configuration list for PBXProject "CoreGraphicsPractice" */ = {
			isa = XCConfigurationList;
			buildConfigurations = (
				404A9DCB235E700D00A68BDD /* Debug */,
				404A9DCC235E700D00A68BDD /* Release */,
			);
			defaultConfigurationIsVisible = 0;
			defaultConfigurationName = Release;
		};
		404A9DCD235E700D00A68BDD /* Build configuration list for PBXNativeTarget "CoreGraphicsPractice" */ = {
			isa = XCConfigurationList;
			buildConfigurations = (
				404A9DCE235E700D00A68BDD /* Debug */,
				404A9DCF235E700D00A68BDD /* Release */,
			);
			defaultConfigurationIsVisible = 0;
			defaultConfigurationName = Release;
		};
/* End XCConfigurationList section */
	};
	rootObject = 404A9DB1235E700C00A68BDD /* Project object */;
}
